{
  "version": 4,
  "terraform_version": "1.1.5",
  "serial": 21,
  "lineage": "b829a9dc-6fcd-ea96-98b7-e2176fbc0a50",
  "outputs": {},
  "resources": [
    {
      "mode": "managed",
      "type": "azurerm_resource_group",
      "name": "rg",
      "provider": "provider[\"registry.terraform.io/hashicorp/azurerm\"]",
      "instances": [
        {
          "schema_version": 0,
          "attributes": {
            "id": "/subscriptions/9e662fb4-49dd-40a2-a484-12bf18561cee/resourceGroups/gmh-test",
            "location": "germanywestcentral",
            "name": "gmh-test",
            "tags": {
              "Created Date": "2022-07-08T12:09:25.6583917Z"
            },
            "timeouts": null
          },
          "sensitive_attributes": [],
          "private": "eyJlMmJmYjczMC1lY2FhLTExZTYtOGY4OC0zNDM2M2JjN2M0YzAiOnsiY3JlYXRlIjo1NDAwMDAwMDAwMDAwLCJkZWxldGUiOjU0MDAwMDAwMDAwMDAsInJlYWQiOjMwMDAwMDAwMDAwMCwidXBkYXRlIjo1NDAwMDAwMDAwMDAwfX0="
        }
      ]
    }
  ]
}
